
Microsoft Visual Studio Solution File, Format Version 12.00
# Visual Studio Version 16
VisualStudioVersion = 16.0.29020.237
MinimumVisualStudioVersion = 10.0.40219.1
Project("{9A19103F-16F7-4668-BE54-9A1E7A4F7556}") = "UMod.Rust.SharedDoors", "UMod.Rust.SharedDoors\UMod.Rust.SharedDoors.csproj", "{518F7F71-B872-46D0-9592-1DABE26917B0}"
EndProject
Project("{9A19103F-16F7-4668-BE54-9A1E7A4F7556}") = "Oxide.Rust", "..\..\..\Libraries\Oxide\Oxide.Rust\src\Oxide.Rust.csproj", "{5F966F24-4F29-4320-96BF-452B368F4D94}"
EndProject
Global
	GlobalSection(SolutionConfigurationPlatforms) = preSolution
		Debug|Any CPU = Debug|Any CPU
		Release|Any CPU = Release|Any CPU
	EndGlobalSection
	GlobalSection(ProjectConfigurationPlatforms) = postSolution
		{518F7F71-B872-46D0-9592-1DABE26917B0}.Debug|Any CPU.ActiveCfg = Debug|Any CPU
		{518F7F71-B872-46D0-9592-1DABE26917B0}.Debug|Any CPU.Build.0 = Debug|Any CPU
		{518F7F71-B872-46D0-9592-1DABE26917B0}.Release|Any CPU.ActiveCfg = Release|Any CPU
		{518F7F71-B872-46D0-9592-1DABE26917B0}.Release|Any CPU.Build.0 = Release|Any CPU
		{5F966F24-4F29-4320-96BF-452B368F4D94}.Debug|Any CPU.ActiveCfg = Debug|Any CPU
		{5F966F24-4F29-4320-96BF-452B368F4D94}.Debug|Any CPU.Build.0 = Debug|Any CPU
		{5F966F24-4F29-4320-96BF-452B368F4D94}.Release|Any CPU.ActiveCfg = Release|Any CPU
		{5F966F24-4F29-4320-96BF-452B368F4D94}.Release|Any CPU.Build.0 = Release|Any CPU
	EndGlobalSection
	GlobalSection(SolutionProperties) = preSolution
		HideSolutionNode = FALSE
	EndGlobalSection
	GlobalSection(ExtensibilityGlobals) = postSolution
		SolutionGuid = {86D68139-B972-4BEF-B8AA-20108C97882C}
	EndGlobalSection
EndGlobal
